
Microsoft Visual Studio Solution File, Format Version 12.00
Project("{F2A71F9B-5D33-465A-A702-920D77279786}") = "FRangle.Core", "FRangle.Core\FRangle.Core.fsproj", "{95A944A4-2CC8-4806-BF9A-95F8988A7F43}"
EndProject
Project("{F2A71F9B-5D33-465A-A702-920D77279786}") = "FRangle.App", "FRangle.App\FRangle.App.fsproj", "{2EEE1CF9-E28B-483B-83A5-8ACF80A7F7C1}"
EndProject
Project("{2150E333-8FDC-42A3-9474-1A3956D46DE8}") = "Documentation", "Documentation", "{B8C9EEBD-D382-4CE2-8776-81B2F94C7F1E}"
ProjectSection(SolutionItems) = preProject
	README.md = README.md
EndProjectSection
EndProject
Project("{F2A71F9B-5D33-465A-A702-920D77279786}") = "FRangle.ToolKit.Dev", "FRangle.ToolKit.Dev\FRangle.ToolKit.Dev.fsproj", "{088B8CEA-FCF6-479E-8575-417F781B43B3}"
EndProject
Project("{F2A71F9B-5D33-465A-A702-920D77279786}") = "FRangle.ToolKit", "FRangle.ToolKit\FRangle.ToolKit.fsproj", "{A669424B-56A7-452A-B09B-865D378EC64C}"
EndProject
Project("{F2A71F9B-5D33-465A-A702-920D77279786}") = "FRangle.ToolKit.Data", "FRangle.ToolKit.Data\FRangle.ToolKit.Data.fsproj", "{9BFE82DF-8D73-4112-A245-B346AA5D8382}"
EndProject
Project("{F2A71F9B-5D33-465A-A702-920D77279786}") = "FRangle.ToolKit.Comms", "FRangle.ToolKit.Comms\FRangle.ToolKit.Comms.fsproj", "{C875A263-B4AD-4A4C-AEFD-F5F6B79BB858}"
EndProject
Global
	GlobalSection(SolutionConfigurationPlatforms) = preSolution
		Debug|Any CPU = Debug|Any CPU
		Release|Any CPU = Release|Any CPU
	EndGlobalSection
	GlobalSection(ProjectConfigurationPlatforms) = postSolution
		{95A944A4-2CC8-4806-BF9A-95F8988A7F43}.Debug|Any CPU.ActiveCfg = Debug|Any CPU
		{95A944A4-2CC8-4806-BF9A-95F8988A7F43}.Debug|Any CPU.Build.0 = Debug|Any CPU
		{95A944A4-2CC8-4806-BF9A-95F8988A7F43}.Release|Any CPU.ActiveCfg = Release|Any CPU
		{95A944A4-2CC8-4806-BF9A-95F8988A7F43}.Release|Any CPU.Build.0 = Release|Any CPU
		{2EEE1CF9-E28B-483B-83A5-8ACF80A7F7C1}.Debug|Any CPU.ActiveCfg = Debug|Any CPU
		{2EEE1CF9-E28B-483B-83A5-8ACF80A7F7C1}.Debug|Any CPU.Build.0 = Debug|Any CPU
		{2EEE1CF9-E28B-483B-83A5-8ACF80A7F7C1}.Release|Any CPU.ActiveCfg = Release|Any CPU
		{2EEE1CF9-E28B-483B-83A5-8ACF80A7F7C1}.Release|Any CPU.Build.0 = Release|Any CPU
		{088B8CEA-FCF6-479E-8575-417F781B43B3}.Debug|Any CPU.ActiveCfg = Debug|Any CPU
		{088B8CEA-FCF6-479E-8575-417F781B43B3}.Debug|Any CPU.Build.0 = Debug|Any CPU
		{088B8CEA-FCF6-479E-8575-417F781B43B3}.Release|Any CPU.ActiveCfg = Release|Any CPU
		{088B8CEA-FCF6-479E-8575-417F781B43B3}.Release|Any CPU.Build.0 = Release|Any CPU
		{A669424B-56A7-452A-B09B-865D378EC64C}.Debug|Any CPU.ActiveCfg = Debug|Any CPU
		{A669424B-56A7-452A-B09B-865D378EC64C}.Debug|Any CPU.Build.0 = Debug|Any CPU
		{A669424B-56A7-452A-B09B-865D378EC64C}.Release|Any CPU.ActiveCfg = Release|Any CPU
		{A669424B-56A7-452A-B09B-865D378EC64C}.Release|Any CPU.Build.0 = Release|Any CPU
		{9BFE82DF-8D73-4112-A245-B346AA5D8382}.Debug|Any CPU.ActiveCfg = Debug|Any CPU
		{9BFE82DF-8D73-4112-A245-B346AA5D8382}.Debug|Any CPU.Build.0 = Debug|Any CPU
		{9BFE82DF-8D73-4112-A245-B346AA5D8382}.Release|Any CPU.ActiveCfg = Release|Any CPU
		{9BFE82DF-8D73-4112-A245-B346AA5D8382}.Release|Any CPU.Build.0 = Release|Any CPU
		{C875A263-B4AD-4A4C-AEFD-F5F6B79BB858}.Debug|Any CPU.ActiveCfg = Debug|Any CPU
		{C875A263-B4AD-4A4C-AEFD-F5F6B79BB858}.Debug|Any CPU.Build.0 = Debug|Any CPU
		{C875A263-B4AD-4A4C-AEFD-F5F6B79BB858}.Release|Any CPU.ActiveCfg = Release|Any CPU
		{C875A263-B4AD-4A4C-AEFD-F5F6B79BB858}.Release|Any CPU.Build.0 = Release|Any CPU
	EndGlobalSection
EndGlobal
